Microsoft Visual Studio Solution File, Format Version 12.00
# Visual Studio Version 17
VisualStudioVersion = 17.5.2.0
MinimumVisualStudioVersion = 10.0.40219.1
Project("{FAE04EC0-301F-11D3-BF4B-00C04F79EFBC}") = "CommBank", "CommBank.csproj", "{DA325BC3-4E6C-F2D7-EC8F-60E5F66E0C6C}"
EndProject
Global
	GlobalSection(SolutionConfigurationPlatforms) = preSolution
		Debug|Any CPU = Debug|Any CPU
		Release|Any CPU = Release|Any CPU
	EndGlobalSection
	GlobalSection(ProjectConfigurationPlatforms) = postSolution
		{DA325BC3-4E6C-F2D7-EC8F-60E5F66E0C6C}.Debug|Any CPU.ActiveCfg = Debug|Any CPU
		{DA325BC3-4E6C-F2D7-EC8F-60E5F66E0C6C}.Debug|Any CPU.Build.0 = Debug|Any CPU
		{DA325BC3-4E6C-F2D7-EC8F-60E5F66E0C6C}.Release|Any CPU.ActiveCfg = Release|Any CPU
		{DA325BC3-4E6C-F2D7-EC8F-60E5F66E0C6C}.Release|Any CPU.Build.0 = Release|Any CPU
	EndGlobalSection
	GlobalSection(SolutionProperties) = preSolution
		HideSolutionNode = FALSE
	EndGlobalSection
	GlobalSection(ExtensibilityGlobals) = postSolution
		SolutionGuid = {8B377714-1611-43AF-8B32-8517A4452A5F}
	EndGlobalSection
EndGlobal
